
Microsoft Visual Studio Solution File, Format Version 12.00
# Visual Studio Version 17
VisualStudioVersion = 17.8.34316.72
MinimumVisualStudioVersion = 10.0.40219.1
Project("{FAE04EC0-301F-11D3-BF4B-00C04F79EFBC}") = "Scope And Accessibility Modifiers", "Scope And Accessibility Modifiers.csproj", "{B2BDABF7-49CB-45C3-81ED-C0EAFC340130}"
EndProject
Global
	GlobalSection(SolutionConfigurationPlatforms) = preSolution
		Debug|Any CPU = Debug|Any CPU
		Release|Any CPU = Release|Any CPU
	EndGlobalSection
	GlobalSection(ProjectConfigurationPlatforms) = postSolution
		{B2BDABF7-49CB-45C3-81ED-C0EAFC340130}.Debug|Any CPU.ActiveCfg = Debug|Any CPU
		{B2BDABF7-49CB-45C3-81ED-C0EAFC340130}.Debug|Any CPU.Build.0 = Debug|Any CPU
		{B2BDABF7-49CB-45C3-81ED-C0EAFC340130}.Release|Any CPU.ActiveCfg = Release|Any CPU
		{B2BDABF7-49CB-45C3-81ED-C0EAFC340130}.Release|Any CPU.Build.0 = Release|Any CPU
	EndGlobalSection
	GlobalSection(SolutionProperties) = preSolution
		HideSolutionNode = FALSE
	EndGlobalSection
	GlobalSection(ExtensibilityGlobals) = postSolution
		SolutionGuid = {65C90409-154B-44A5-B154-735043BAE7B2}
	EndGlobalSection
EndGlobal
